# Generated by pub
# See http://pub.dartlang.org/doc/glossary.html#lockfile
packages:
  html5:
    description:
      name: html5
      url: "http://pub.drafintech.it:5001"
    source: hosted
    version: "0.0.4"
  js:
    description:
      name: js
      url: "http://pub.drafintech.it:5001"
    source: hosted
    version: "0.6.1"
  logging:
    description:
      name: logging
      url: "http://pub.drafintech.it:5001"
    source: hosted
    version: "0.11.3+1"
  polymer_element:
    description:
      path: "/home/vittorio/Develop/dart/polymer_element"
      relative: false
    source: path
    version: "0.4.1"
  polymer_elements:
    description:
      ref: "v0.1.8"
      resolved-ref: "60481275a1d3329400826abdfb4de605f84b1299"
      url: "https://github.com/dam0vm3nt/polymerize_elements.git"
    source: git
    version: "2.0.0-preview.1"
  todo_common:
    description:
      path: todo_common
      relative: true
    source: path
    version: "0.0.1"
  todo_main:
    description:
      path: todo_main
      relative: true
    source: path
    version: "0.0.1"
  todo_renderer:
    description:
      path: todo_renderer
      relative: true
    source: path
    version: "0.0.1"
sdks:
  dart: ">=1.19.0-dev.0.0 <2.0.0"
