# Generated by pub
# See http://pub.dartlang.org/doc/glossary.html#lockfile
packages:
  html5:
    description:
      name: html5
      url: "https://pub.dartlang.org"
    source: hosted
    version: "0.0.4"
  js:
    description:
      name: js
      url: "https://pub.dartlang.org"
    source: hosted
    version: "0.6.1"
  logging:
    description:
      name: logging
      url: "https://pub.dartlang.org"
    source: hosted
    version: "0.11.3+1"
  polymer_element:
    description:
      name: polymer_element
      url: "https://pub.dartlang.org"
    source: hosted
    version: "0.5.2"
  polymer_elements:
    description:
      ref: "v0.1.11"
      resolved-ref: e2199d5645e8da1a8741832c629a67b965775113
      url: "https://github.com/dam0vm3nt/polymerize_elements.git"
    source: git
    version: "2.0.0-preview.1"
  todo_common:
    description:
      path: todo_common
      relative: true
    source: path
    version: "0.0.1"
  todo_main:
    description:
      path: todo_main
      relative: true
    source: path
    version: "0.0.1"
  todo_renderer:
    description:
      path: todo_renderer
      relative: true
    source: path
    version: "0.0.1"
sdks:
  dart: ">=1.19.0-dev.0.0 <2.0.0"
