# Generated by pub
# See http://pub.dartlang.org/doc/glossary.html#lockfile
packages:
  html5:
    description:
      name: html5
      url: "http://pub.drafintech.it:5001"
    source: hosted
    version: "0.0.5"
  js:
    description:
      name: js
      url: "http://pub.drafintech.it:5001"
    source: hosted
    version: "0.6.1"
  logging:
    description:
      name: logging
      url: "http://pub.drafintech.it:5001"
    source: hosted
    version: "0.11.3+1"
  polymer_element:
    description:
      path: "../../polymer_element"
      relative: true
    source: path
    version: "0.7.0"
  polymer_elements:
    description:
      path: "../../polymer_elements"
      relative: true
    source: path
    version: "2.0.0-preview.1"
  todo_common:
    description:
      path: "../todo_common"
      relative: true
    source: path
    version: "0.0.1"
sdks:
  dart: ">=1.19.0-dev.0.0 <2.0.0"
